
Microsoft Visual Studio Solution File, Format Version 12.00
# Visual Studio Version 17
VisualStudioVersion = 17.14.36414.22 d17.14
MinimumVisualStudioVersion = 10.0.40219.1
Project("{FAE04EC0-301F-11D3-BF4B-00C04F79EFBC}") = "MeleeVoip", "MeleeVoip.csproj", "{B4D3B903-3BC8-46BB-A9A5-61FA8A014E9A}"
EndProject
Project("{FAE04EC0-301F-11D3-BF4B-00C04F79EFBC}") = "ExternalMeleeTool", "..\ExternalMeleeTool.csproj", "{86CF4C70-E727-BC5A-936C-6E5184CE9EC0}"
EndProject
Global
	GlobalSection(SolutionConfigurationPlatforms) = preSolution
		Debug|Any CPU = Debug|Any CPU
		Release|Any CPU = Release|Any CPU
	EndGlobalSection
	GlobalSection(ProjectConfigurationPlatforms) = postSolution
		{B4D3B903-3BC8-46BB-A9A5-61FA8A014E9A}.Debug|Any CPU.ActiveCfg = Debug|Any CPU
		{B4D3B903-3BC8-46BB-A9A5-61FA8A014E9A}.Debug|Any CPU.Build.0 = Debug|Any CPU
		{B4D3B903-3BC8-46BB-A9A5-61FA8A014E9A}.Release|Any CPU.ActiveCfg = Release|Any CPU
		{B4D3B903-3BC8-46BB-A9A5-61FA8A014E9A}.Release|Any CPU.Build.0 = Release|Any CPU
		{86CF4C70-E727-BC5A-936C-6E5184CE9EC0}.Debug|Any CPU.ActiveCfg = Debug|Any CPU
		{86CF4C70-E727-BC5A-936C-6E5184CE9EC0}.Debug|Any CPU.Build.0 = Debug|Any CPU
		{86CF4C70-E727-BC5A-936C-6E5184CE9EC0}.Release|Any CPU.ActiveCfg = Release|Any CPU
		{86CF4C70-E727-BC5A-936C-6E5184CE9EC0}.Release|Any CPU.Build.0 = Release|Any CPU
	EndGlobalSection
	GlobalSection(SolutionProperties) = preSolution
		HideSolutionNode = FALSE
	EndGlobalSection
	GlobalSection(ExtensibilityGlobals) = postSolution
		SolutionGuid = {5465AED8-58A4-47BC-8214-00E065F5BE0F}
	EndGlobalSection
EndGlobal
