
Microsoft Visual Studio Solution File, Format Version 12.00
# Visual Studio Version 17
VisualStudioVersion = 17.14.36414.22 d17.14
MinimumVisualStudioVersion = 10.0.40219.1
Project("{FAE04EC0-301F-11D3-BF4B-00C04F79EFBC}") = "EMTDisplay", "EMTDisplay.csproj", "{825A6810-5465-4AAC-A8C9-44DEE489EE87}"
EndProject
Project("{FAE04EC0-301F-11D3-BF4B-00C04F79EFBC}") = "ExternalMeleeTool", "..\ExternalMeleeTool.csproj", "{86CF4C70-E727-BC5A-936C-6E5184CE9EC0}"
EndProject
Global
	GlobalSection(SolutionConfigurationPlatforms) = preSolution
		Debug|Any CPU = Debug|Any CPU
		Release|Any CPU = Release|Any CPU
	EndGlobalSection
	GlobalSection(ProjectConfigurationPlatforms) = postSolution
		{825A6810-5465-4AAC-A8C9-44DEE489EE87}.Debug|Any CPU.ActiveCfg = Debug|Any CPU
		{825A6810-5465-4AAC-A8C9-44DEE489EE87}.Debug|Any CPU.Build.0 = Debug|Any CPU
		{825A6810-5465-4AAC-A8C9-44DEE489EE87}.Release|Any CPU.ActiveCfg = Release|Any CPU
		{825A6810-5465-4AAC-A8C9-44DEE489EE87}.Release|Any CPU.Build.0 = Release|Any CPU
		{86CF4C70-E727-BC5A-936C-6E5184CE9EC0}.Debug|Any CPU.ActiveCfg = Debug|Any CPU
		{86CF4C70-E727-BC5A-936C-6E5184CE9EC0}.Debug|Any CPU.Build.0 = Debug|Any CPU
		{86CF4C70-E727-BC5A-936C-6E5184CE9EC0}.Release|Any CPU.ActiveCfg = Release|Any CPU
		{86CF4C70-E727-BC5A-936C-6E5184CE9EC0}.Release|Any CPU.Build.0 = Release|Any CPU
	EndGlobalSection
	GlobalSection(SolutionProperties) = preSolution
		HideSolutionNode = FALSE
	EndGlobalSection
	GlobalSection(ExtensibilityGlobals) = postSolution
		SolutionGuid = {A552F75B-CF02-4415-8357-7C905E0411A8}
	EndGlobalSection
EndGlobal
